
Microsoft Visual Studio Solution File, Format Version 12.00
# Visual Studio Version 17
VisualStudioVersion = 17.3.32922.545
MinimumVisualStudioVersion = 10.0.40219.1
Project("{FAE04EC0-301F-11D3-BF4B-00C04F79EFBC}") = "MatrixMultiplication", "MatrixMultiplication\MatrixMultiplication.csproj", "{CAE5238A-33B9-4F3B-A592-AD4BB4B3EDBA}"
EndProject
Global
	GlobalSection(SolutionConfigurationPlatforms) = preSolution
		Debug|Any CPU = Debug|Any CPU
		Release|Any CPU = Release|Any CPU
	EndGlobalSection
	GlobalSection(ProjectConfigurationPlatforms) = postSolution
		{CAE5238A-33B9-4F3B-A592-AD4BB4B3EDBA}.Debug|Any CPU.ActiveCfg = Debug|Any CPU
		{CAE5238A-33B9-4F3B-A592-AD4BB4B3EDBA}.Debug|Any CPU.Build.0 = Debug|Any CPU
		{CAE5238A-33B9-4F3B-A592-AD4BB4B3EDBA}.Release|Any CPU.ActiveCfg = Release|Any CPU
		{CAE5238A-33B9-4F3B-A592-AD4BB4B3EDBA}.Release|Any CPU.Build.0 = Release|Any CPU
	EndGlobalSection
	GlobalSection(SolutionProperties) = preSolution
		HideSolutionNode = FALSE
	EndGlobalSection
	GlobalSection(ExtensibilityGlobals) = postSolution
		SolutionGuid = {0D073C15-23D4-448E-B970-588E2C304D3C}
	EndGlobalSection
EndGlobal
